{
  "version": 4,
  "terraform_version": "1.3.7",
  "serial": 8,
  "lineage": "0d3d5e4c-8b0c-f944-5bcc-90c0124a8f11",
  "outputs": {},
  "resources": [
    {
      "mode": "data",
      "type": "external",
      "name": "me",
      "provider": "provider[\"registry.terraform.io/hashicorp/external\"]",
      "instances": [
        {
          "schema_version": 0,
          "attributes": {
            "id": "-",
            "program": [
              "az",
              "account",
              "show",
              "--query",
              "user"
            ],
            "query": null,
            "result": {
              "name": "tneal@hitachisolutions.com",
              "type": "user"
            },
            "working_dir": null
          },
          "sensitive_attributes": []
        }
      ]
    },
    {
      "module": "module.dns_resource_group",
      "mode": "managed",
      "type": "azurerm_resource_group",
      "name": "public_dns_zone",
      "provider": "provider[\"registry.terraform.io/hashicorp/azurerm\"]",
      "instances": [
        {
          "schema_version": 0,
          "attributes": {
            "id": "/subscriptions/635a2a50-5b7c-4391-adc5-468d76cd1ce3/resourceGroups/my-publicdns-lab",
            "location": "centralus",
            "name": "my-publicdns-lab",
            "tags": {
              "Createdby": "tneal@hitachisolutions.com",
              "CreationDate": "16 Jan 2024 01:15 UTC",
              "Environment": "pr"
            },
            "timeouts": null
          },
          "sensitive_attributes": [],
          "private": "eyJlMmJmYjczMC1lY2FhLTExZTYtOGY4OC0zNDM2M2JjN2M0YzAiOnsiY3JlYXRlIjo1NDAwMDAwMDAwMDAwLCJkZWxldGUiOjU0MDAwMDAwMDAwMDAsInJlYWQiOjMwMDAwMDAwMDAwMCwidXBkYXRlIjo1NDAwMDAwMDAwMDAwfX0=",
          "dependencies": [
            "data.external.me"
          ]
        }
      ]
    },
    {
      "module": "module.public_zones",
      "mode": "managed",
      "type": "azurerm_dns_zone",
      "name": "zones",
      "provider": "provider[\"registry.terraform.io/hashicorp/azurerm\"]",
      "instances": [
        {
          "index_key": "0",
          "schema_version": 1,
          "attributes": {
            "id": "/subscriptions/635a2a50-5b7c-4391-adc5-468d76cd1ce3/resourceGroups/my-publicdns-lab/providers/Microsoft.Network/dnszones/massivedynamics.com",
            "max_number_of_record_sets": 10000,
            "name": "massivedynamics.com",
            "name_servers": [
              "ns1-38.azure-dns.com.",
              "ns2-38.azure-dns.net.",
              "ns3-38.azure-dns.org.",
              "ns4-38.azure-dns.info."
            ],
            "number_of_record_sets": 2,
            "resource_group_name": "my-publicdns-lab",
            "soa_record": [
              {
                "email": "azuredns-hostmaster.microsoft.com",
                "expire_time": 2419200,
                "fqdn": "massivedynamics.com.",
                "host_name": "ns1-38.azure-dns.com.",
                "minimum_ttl": 300,
                "refresh_time": 3600,
                "retry_time": 300,
                "serial_number": 1,
                "tags": {},
                "ttl": 3600
              }
            ],
            "tags": {},
            "timeouts": null
          },
          "sensitive_attributes": [],
          "private": "eyJlMmJmYjczMC1lY2FhLTExZTYtOGY4OC0zNDM2M2JjN2M0YzAiOnsiY3JlYXRlIjoxODAwMDAwMDAwMDAwLCJkZWxldGUiOjE4MDAwMDAwMDAwMDAsInJlYWQiOjMwMDAwMDAwMDAwMCwidXBkYXRlIjoxODAwMDAwMDAwMDAwfSwic2NoZW1hX3ZlcnNpb24iOiIxIn0=",
          "dependencies": [
            "data.external.me",
            "module.dns_resource_group.azurerm_resource_group.public_dns_zone"
          ]
        },
        {
          "index_key": "1",
          "schema_version": 1,
          "attributes": {
            "id": "/subscriptions/635a2a50-5b7c-4391-adc5-468d76cd1ce3/resourceGroups/my-publicdns-lab/providers/Microsoft.Network/dnszones/umbrellacorp.com",
            "max_number_of_record_sets": 10000,
            "name": "umbrellacorp.com",
            "name_servers": [
              "ns1-33.azure-dns.com.",
              "ns2-33.azure-dns.net.",
              "ns3-33.azure-dns.org.",
              "ns4-33.azure-dns.info."
            ],
            "number_of_record_sets": 2,
            "resource_group_name": "my-publicdns-lab",
            "soa_record": [
              {
                "email": "azuredns-hostmaster.microsoft.com",
                "expire_time": 2419200,
                "fqdn": "umbrellacorp.com.",
                "host_name": "ns1-33.azure-dns.com.",
                "minimum_ttl": 300,
                "refresh_time": 3600,
                "retry_time": 300,
                "serial_number": 1,
                "tags": {},
                "ttl": 3600
              }
            ],
            "tags": {},
            "timeouts": null
          },
          "sensitive_attributes": [],
          "private": "eyJlMmJmYjczMC1lY2FhLTExZTYtOGY4OC0zNDM2M2JjN2M0YzAiOnsiY3JlYXRlIjoxODAwMDAwMDAwMDAwLCJkZWxldGUiOjE4MDAwMDAwMDAwMDAsInJlYWQiOjMwMDAwMDAwMDAwMCwidXBkYXRlIjoxODAwMDAwMDAwMDAwfSwic2NoZW1hX3ZlcnNpb24iOiIxIn0=",
          "dependencies": [
            "data.external.me",
            "module.dns_resource_group.azurerm_resource_group.public_dns_zone"
          ]
        }
      ]
    }
  ],
  "check_results": null
}
